
Microsoft Visual Studio Solution File, Format Version 12.00
# Visual Studio Version 17
VisualStudioVersion = 17.5.33424.131
MinimumVisualStudioVersion = 10.0.40219.1
Project("{9A19103F-16F7-4668-BE54-9A1E7A4F7556}") = "WebApi", "WebApi\WebApi.csproj", "{CD15EA42-34AB-47F9-A8B6-6064BA0845DB}"
EndProject
Project("{9A19103F-16F7-4668-BE54-9A1E7A4F7556}") = "WebApiTest", "WebApiTest\WebApiTest.csproj", "{A09FAE96-F710-493F-A195-4288AEAA8B39}"
EndProject
Project("{9A19103F-16F7-4668-BE54-9A1E7A4F7556}") = "Engine", "Engine\Engine.csproj", "{77F42E96-0C30-4FE7-BD38-04EB82BA55EC}"
EndProject
Project("{9A19103F-16F7-4668-BE54-9A1E7A4F7556}") = "EngineTest", "EngineTest\EngineTest.csproj", "{B8C4CD7A-7A2A-4079-B65E-CB6C7EF87290}"
EndProject
Global
	GlobalSection(SolutionConfigurationPlatforms) = preSolution
		Debug|Any CPU = Debug|Any CPU
		Release|Any CPU = Release|Any CPU
	EndGlobalSection
	GlobalSection(ProjectConfigurationPlatforms) = postSolution
		{CD15EA42-34AB-47F9-A8B6-6064BA0845DB}.Debug|Any CPU.ActiveCfg = Debug|Any CPU
		{CD15EA42-34AB-47F9-A8B6-6064BA0845DB}.Debug|Any CPU.Build.0 = Debug|Any CPU
		{CD15EA42-34AB-47F9-A8B6-6064BA0845DB}.Release|Any CPU.ActiveCfg = Release|Any CPU
		{CD15EA42-34AB-47F9-A8B6-6064BA0845DB}.Release|Any CPU.Build.0 = Release|Any CPU
		{A09FAE96-F710-493F-A195-4288AEAA8B39}.Debug|Any CPU.ActiveCfg = Debug|Any CPU
		{A09FAE96-F710-493F-A195-4288AEAA8B39}.Debug|Any CPU.Build.0 = Debug|Any CPU
		{A09FAE96-F710-493F-A195-4288AEAA8B39}.Release|Any CPU.ActiveCfg = Release|Any CPU
		{A09FAE96-F710-493F-A195-4288AEAA8B39}.Release|Any CPU.Build.0 = Release|Any CPU
		{77F42E96-0C30-4FE7-BD38-04EB82BA55EC}.Debug|Any CPU.ActiveCfg = Debug|Any CPU
		{77F42E96-0C30-4FE7-BD38-04EB82BA55EC}.Debug|Any CPU.Build.0 = Debug|Any CPU
		{77F42E96-0C30-4FE7-BD38-04EB82BA55EC}.Release|Any CPU.ActiveCfg = Release|Any CPU
		{77F42E96-0C30-4FE7-BD38-04EB82BA55EC}.Release|Any CPU.Build.0 = Release|Any CPU
		{B8C4CD7A-7A2A-4079-B65E-CB6C7EF87290}.Debug|Any CPU.ActiveCfg = Debug|Any CPU
		{B8C4CD7A-7A2A-4079-B65E-CB6C7EF87290}.Debug|Any CPU.Build.0 = Debug|Any CPU
		{B8C4CD7A-7A2A-4079-B65E-CB6C7EF87290}.Release|Any CPU.ActiveCfg = Release|Any CPU
		{B8C4CD7A-7A2A-4079-B65E-CB6C7EF87290}.Release|Any CPU.Build.0 = Release|Any CPU
	EndGlobalSection
	GlobalSection(SolutionProperties) = preSolution
		HideSolutionNode = FALSE
	EndGlobalSection
	GlobalSection(ExtensibilityGlobals) = postSolution
		SolutionGuid = {6AE74202-047F-4FE8-940B-036869684834}
	EndGlobalSection
EndGlobal
